<?xml version="1.0" encoding="utf-8"?>
<Project ToolsVersion="4.0" xmlns="http://schemas.microsoft.com/developer/msbuild/2003">
  <ItemGroup>
    <Filter Include="System">
      <UniqueIdentifier>{dff1172d-8e0e-422b-a8b9-c0a33aa21081}</UniqueIdentifier>
    </Filter>
  </ItemGroup>
  <ItemGroup>
    <ClCompile Include="main.cpp" />
    <ClCompile Include="src\System\menu.cpp">
      <Filter>System</Filter>
    </ClCompile>
    <ClCompile Include="src\System\GameLoop.cpp">
      <Filter>System</Filter>
    </ClCompile>
  </ItemGroup>
  <ItemGroup>
    <ClInclude Include="src\System\menu.h">
      <Filter>System</Filter>
    </ClInclude>
    <ClInclude Include="src\System\GameLoop.h">
      <Filter>System</Filter>
    </ClInclude>
  </ItemGroup>
</Project>